
Microsoft Visual Studio Solution File, Format Version 12.00
# Visual Studio Version 17
VisualStudioVersion = 17.13.35931.197 d17.13
MinimumVisualStudioVersion = 10.0.40219.1
Project("{FAE04EC0-301F-11D3-BF4B-00C04F79EFBC}") = "MiniEcommerceCase.WorkerService", "MiniEcommerceCase.WorkerService\MiniEcommerceCase.WorkerService.csproj", "{59D6D403-6AA2-43FE-B508-A77CB2A90B47}"
EndProject
Global
	GlobalSection(SolutionConfigurationPlatforms) = preSolution
		Debug|Any CPU = Debug|Any CPU
		Release|Any CPU = Release|Any CPU
	EndGlobalSection
	GlobalSection(ProjectConfigurationPlatforms) = postSolution
		{59D6D403-6AA2-43FE-B508-A77CB2A90B47}.Debug|Any CPU.ActiveCfg = Debug|Any CPU
		{59D6D403-6AA2-43FE-B508-A77CB2A90B47}.Debug|Any CPU.Build.0 = Debug|Any CPU
		{59D6D403-6AA2-43FE-B508-A77CB2A90B47}.Release|Any CPU.ActiveCfg = Release|Any CPU
		{59D6D403-6AA2-43FE-B508-A77CB2A90B47}.Release|Any CPU.Build.0 = Release|Any CPU
	EndGlobalSection
	GlobalSection(SolutionProperties) = preSolution
		HideSolutionNode = FALSE
	EndGlobalSection
	GlobalSection(ExtensibilityGlobals) = postSolution
		SolutionGuid = {5692958D-1712-4B31-9374-867AB382B837}
	EndGlobalSection
EndGlobal
